{
  "name": "brain-web.github.io",
  "version": "0.0.1",
  "lockfileVersion": 1,
  "requires": true,
  "dependencies": {
    "eslint-config-naat": {
      "version": "git+https://github.com/neuroanatomy/eslint-config-naat.git#f944a706c752999f6d44ad62ae470a20f8582d61",
      "from": "git+https://github.com/neuroanatomy/eslint-config-naat.git",
      "dev": true
    }
  }
}
